
Microsoft Visual Studio Solution File, Format Version 12.00
# Visual Studio Version 16
VisualStudioVersion = 16.0.29215.179
MinimumVisualStudioVersion = 10.0.40219.1
Project("{FAE04EC0-301F-11D3-BF4B-00C04F79EFBC}") = "SmartBike", "SmartBike\SmartBike.csproj", "{D9C2C7D7-5759-40AC-B21A-A4F2F4234FD1}"
EndProject
Global
	GlobalSection(SolutionConfigurationPlatforms) = preSolution
		Debug|Any CPU = Debug|Any CPU
		Release|Any CPU = Release|Any CPU
	EndGlobalSection
	GlobalSection(ProjectConfigurationPlatforms) = postSolution
		{D9C2C7D7-5759-40AC-B21A-A4F2F4234FD1}.Debug|Any CPU.ActiveCfg = Debug|Any CPU
		{D9C2C7D7-5759-40AC-B21A-A4F2F4234FD1}.Debug|Any CPU.Build.0 = Debug|Any CPU
		{D9C2C7D7-5759-40AC-B21A-A4F2F4234FD1}.Release|Any CPU.ActiveCfg = Release|Any CPU
		{D9C2C7D7-5759-40AC-B21A-A4F2F4234FD1}.Release|Any CPU.Build.0 = Release|Any CPU
	EndGlobalSection
	GlobalSection(SolutionProperties) = preSolution
		HideSolutionNode = FALSE
	EndGlobalSection
	GlobalSection(ExtensibilityGlobals) = postSolution
		SolutionGuid = {D31BD741-EB3E-41E1-B276-5B255AADC62D}
	EndGlobalSection
EndGlobal
